{
  "name": "3dhop-react",
  "version": "1.0.0",
  "lockfileVersion": 1,
  "requires": true,
  "dependencies": {
    "@rdfjs/data-model": {
      "version": "1.1.2",
      "resolved": "https://registry.npmjs.org/@rdfjs/data-model/-/data-model-1.1.2.tgz",
      "integrity": "sha512-pk/G/JLYGaXesoBLvEmoC/ic0H3B79fTyS0Ujjh5YQB2DZW+mn05ZowFFv88rjB9jf7c1XE5XSmf8jzn6U0HHA==",
      "requires": {
        "@types/rdf-js": "^2.0.1"
      }
    },
    "@types/node": {
      "version": "12.12.21",
      "resolved": "https://registry.npmjs.org/@types/node/-/node-12.12.21.tgz",
      "integrity": "sha512-8sRGhbpU+ck1n0PGAUgVrWrWdjSW2aqNeyC15W88GRsMpSwzv6RJGlLhE7s2RhVSOdyDmxbqlWSeThq4/7xqlA=="
    },
    "@types/rdf-js": {
      "version": "2.0.6",
      "resolved": "https://registry.npmjs.org/@types/rdf-js/-/rdf-js-2.0.6.tgz",
      "integrity": "sha512-Rf08KDr+78i2lBHju5IC56RH3uUDF2clsvcKk1DAiV0J9HwO6rf0ag31Lyxa2JDqL6P9/NIeeTyc6MiylUCHog==",
      "requires": {
        "@types/node": "*"
      }
    },
    "JSONStream": {
      "version": "1.3.5",
      "resolved": "https://registry.npmjs.org/JSONStream/-/JSONStream-1.3.5.tgz",
      "integrity": "sha512-E+iruNOY8VV9s4JEbe1aNEm6MiszPRr/UfcHMz0TQh1BXSxHK+ASV1R6W4HpjBhSeS+54PIsAMCBmwD06LLsqQ==",
      "requires": {
        "jsonparse": "^1.2.0",
        "through": ">=2.2.7 <3"
      }
    },
    "debug": {
      "version": "2.6.9",
      "resolved": "https://registry.npmjs.org/debug/-/debug-2.6.9.tgz",
      "integrity": "sha512-bC7ElrdJaJnPbAP+1EotYvqZsb3ecl5wi6Bfi6BJTUcNowp6cvspg0jXznRTKDjm/E7AdgFBVeAPVMNcKGsHMA==",
      "requires": {
        "ms": "2.0.0"
      }
    },
    "encoding": {
      "version": "0.1.12",
      "resolved": "https://registry.npmjs.org/encoding/-/encoding-0.1.12.tgz",
      "integrity": "sha1-U4tm8+5izRq1HsMjgp0flIDHS+s=",
      "requires": {
        "iconv-lite": "~0.4.13"
      }
    },
    "fetch-sparql-endpoint": {
      "version": "1.5.0",
      "resolved": "https://registry.npmjs.org/fetch-sparql-endpoint/-/fetch-sparql-endpoint-1.5.0.tgz",
      "integrity": "sha512-3a3iRXQOZ2MDUwIiMT7IeYXp0pRa9T+CXpz2r6HeEOIL3O4qUjS0XYkyDUOGT8mATSOfd1WA6RayEa/iSxgk/A==",
      "requires": {
        "is-stream": "^2.0.0",
        "isomorphic-fetch": "^2.2.1",
        "minimist": "^1.2.0",
        "n3": "^1.0.0",
        "rdf-string": "^1.3.1",
        "sparqljs": "^3.0.0",
        "sparqljson-parse": "^1.5.0",
        "sparqlxml-parse": "^1.2.0",
        "stream-to-string": "^1.1.0",
        "web-streams-node": "^0.4.0"
      }
    },
    "iconv-lite": {
      "version": "0.4.24",
      "resolved": "https://registry.npmjs.org/iconv-lite/-/iconv-lite-0.4.24.tgz",
      "integrity": "sha512-v3MXnZAcvnywkTUEZomIActle7RXXeedOR31wwl7VlyoXO4Qi9arvSenNQWne1TcRwhCL1HwLI21bEqdpj8/rA==",
      "requires": {
        "safer-buffer": ">= 2.1.2 < 3"
      }
    },
    "is-stream": {
      "version": "2.0.0",
      "resolved": "https://registry.npmjs.org/is-stream/-/is-stream-2.0.0.tgz",
      "integrity": "sha512-XCoy+WlUr7d1+Z8GgSuXmpuUFC9fOhRXglJMx+dwLKTkL44Cjd4W1Z5P+BQZpr+cR93aGP4S/s7Ftw6Nd/kiEw=="
    },
    "isomorphic-fetch": {
      "version": "2.2.1",
      "resolved": "https://registry.npmjs.org/isomorphic-fetch/-/isomorphic-fetch-2.2.1.tgz",
      "integrity": "sha1-YRrhrPFPXoH3KVB0coGf6XM1WKk=",
      "requires": {
        "node-fetch": "^1.0.1",
        "whatwg-fetch": ">=0.10.0"
      }
    },
    "jsonparse": {
      "version": "1.3.1",
      "resolved": "https://registry.npmjs.org/jsonparse/-/jsonparse-1.3.1.tgz",
      "integrity": "sha1-P02uSpH6wxX3EGL4UhzCOfE2YoA="
    },
    "minimist": {
      "version": "1.2.0",
      "resolved": "https://registry.npmjs.org/minimist/-/minimist-1.2.0.tgz",
      "integrity": "sha1-o1AIsg9BOD7sH7kU9M1d95omQoQ="
    },
    "ms": {
      "version": "2.0.0",
      "resolved": "https://registry.npmjs.org/ms/-/ms-2.0.0.tgz",
      "integrity": "sha1-VgiurfwAvmwpAd9fmGF4jeDVl8g="
    },
    "n3": {
      "version": "1.3.5",
      "resolved": "https://registry.npmjs.org/n3/-/n3-1.3.5.tgz",
      "integrity": "sha512-McWb1tCWGGAmHeGEakqZj/UqxQR9cpEYZ/JivBj59YfiOAuaIWZxu0B+jnhbCwCZ2AsxdgQ5Dq8fehIJpYQaMQ=="
    },
    "node-fetch": {
      "version": "1.7.3",
      "resolved": "https://registry.npmjs.org/node-fetch/-/node-fetch-1.7.3.tgz",
      "integrity": "sha512-NhZ4CsKx7cYm2vSrBAr2PvFOe6sWDf0UYLRqA6svUYg7+/TSfVAu49jYC4BvQ4Sms9SZgdqGBgroqfDhJdTyKQ==",
      "requires": {
        "encoding": "^0.1.11",
        "is-stream": "^1.0.1"
      },
      "dependencies": {
        "is-stream": {
          "version": "1.1.0",
          "resolved": "https://registry.npmjs.org/is-stream/-/is-stream-1.1.0.tgz",
          "integrity": "sha1-EtSj3U5o4Lec6428hBc66A2RykQ="
        }
      }
    },
    "promise-polyfill": {
      "version": "1.1.6",
      "resolved": "https://registry.npmjs.org/promise-polyfill/-/promise-polyfill-1.1.6.tgz",
      "integrity": "sha1-zQTv9G9clcOn0EVZHXm14+AfEtc="
    },
    "rdf-string": {
      "version": "1.3.1",
      "resolved": "https://registry.npmjs.org/rdf-string/-/rdf-string-1.3.1.tgz",
      "integrity": "sha512-Pcw6aZRfto2cZodK5kSqFZW8mz6nfKLxSfjOSrTi5ajb2CSIwzqGx7UniysgKoV2i7tQL5dpPgCgY80upCiRUw==",
      "requires": {
        "@rdfjs/data-model": "^1.1.1"
      }
    },
    "readable-stream-node-to-web": {
      "version": "1.0.1",
      "resolved": "https://registry.npmjs.org/readable-stream-node-to-web/-/readable-stream-node-to-web-1.0.1.tgz",
      "integrity": "sha1-i3YU+qFGXr+g2pucpjA/onBzt88="
    },
    "safer-buffer": {
      "version": "2.1.2",
      "resolved": "https://registry.npmjs.org/safer-buffer/-/safer-buffer-2.1.2.tgz",
      "integrity": "sha512-YZo3K82SD7Riyi0E1EQPojLz7kpepnSQI9IyPbHHg1XXXevb5dJI7tpyN2ADxGcQbHG7vcyRHk0cbwqcQriUtg=="
    },
    "sax": {
      "version": "1.2.4",
      "resolved": "https://registry.npmjs.org/sax/-/sax-1.2.4.tgz",
      "integrity": "sha512-NqVDv9TpANUjFm0N8uM5GxL36UgKi9/atZw+x7YFnQ8ckwFGKrl4xX4yWtrey3UJm5nP1kUbnYgLopqWNSRhWw=="
    },
    "sax-stream": {
      "version": "1.3.0",
      "resolved": "https://registry.npmjs.org/sax-stream/-/sax-stream-1.3.0.tgz",
      "integrity": "sha512-tcfsAAICAkyNNe4uiKtKmLKxx3C7qPAej13UUoN+7OLYq/P5kHGahZtJhhMVM3fIMndA6TlYHWFlFEzFkv1VGg==",
      "requires": {
        "debug": "~2",
        "sax": "~1"
      }
    },
    "sparqljs": {
      "version": "3.0.1",
      "resolved": "https://registry.npmjs.org/sparqljs/-/sparqljs-3.0.1.tgz",
      "integrity": "sha512-1kkmqUctPvHyOcJjRR/NWrwVsJj3DydGgz+QZJWrW+uVtWWAsBk74uUYhHS2M7YMZ0xJmSnpGiWr9C4+urNJFA==",
      "requires": {
        "n3": "^1.0.4"
      }
    },
    "sparqljson-parse": {
      "version": "1.5.1",
      "resolved": "https://registry.npmjs.org/sparqljson-parse/-/sparqljson-parse-1.5.1.tgz",
      "integrity": "sha512-+hlVthsoADK/gZkNrV6GCz7Ep3GwtY8DNJSjt9Mt32vuTL9QbQlCRalqOQRaz7D/oyRAsNvkW6/KldMA7s2YCQ==",
      "requires": {
        "@rdfjs/data-model": "^1.1.1",
        "@types/node": "^10.12.18",
        "@types/rdf-js": "^2.0.2",
        "JSONStream": "^1.3.3"
      },
      "dependencies": {
        "@types/node": {
          "version": "10.17.11",
          "resolved": "https://registry.npmjs.org/@types/node/-/node-10.17.11.tgz",
          "integrity": "sha512-dNd2pp8qTzzNLAs3O8nH3iU9DG9866KHq9L3ISPB7DOGERZN81nW/5/g/KzMJpCU8jrbCiMRBzV9/sCEdRosig=="
        }
      }
    },
    "sparqlxml-parse": {
      "version": "1.2.2",
      "resolved": "https://registry.npmjs.org/sparqlxml-parse/-/sparqlxml-parse-1.2.2.tgz",
      "integrity": "sha512-xFN+S97DRI9jrlFsOntB8rmtEAJeTUAyRCquibiLCbE+z63iw1tFdM9NhrphrPey1+EH75vh9AjycXwDD6nEIw==",
      "requires": {
        "@rdfjs/data-model": "^1.1.1",
        "@types/node": "^10.12.18",
        "@types/rdf-js": "^2.0.2",
        "sax-stream": "^1.2.3"
      },
      "dependencies": {
        "@types/node": {
          "version": "10.17.11",
          "resolved": "https://registry.npmjs.org/@types/node/-/node-10.17.11.tgz",
          "integrity": "sha512-dNd2pp8qTzzNLAs3O8nH3iU9DG9866KHq9L3ISPB7DOGERZN81nW/5/g/KzMJpCU8jrbCiMRBzV9/sCEdRosig=="
        }
      }
    },
    "stream-to-string": {
      "version": "1.2.0",
      "resolved": "https://registry.npmjs.org/stream-to-string/-/stream-to-string-1.2.0.tgz",
      "integrity": "sha512-8drZlFIKBHSMdX9GCWv8V9AAWnQcTqw0iAI6/GC7UJ0H0SwKeFKjOoZfGY1tOU00GGU7FYZQoJ/ZCUEoXhD7yQ==",
      "requires": {
        "promise-polyfill": "^1.1.6"
      }
    },
    "through": {
      "version": "2.3.8",
      "resolved": "https://registry.npmjs.org/through/-/through-2.3.8.tgz",
      "integrity": "sha1-DdTJ/6q8NXlgsbckEV1+Doai4fU="
    },
    "web-streams-node": {
      "version": "0.4.0",
      "resolved": "https://registry.npmjs.org/web-streams-node/-/web-streams-node-0.4.0.tgz",
      "integrity": "sha512-u+PBQs8DFaBrN/bxCLFn21tO/ZP7EM3qA4FGzppoUCcZ5CaMbKOsN8uOp27ylVEsfrxcR2tsF6gWHI5M8bN73w==",
      "requires": {
        "is-stream": "^1.1.0",
        "readable-stream-node-to-web": "^1.0.1",
        "web-streams-ponyfill": "^1.4.1"
      },
      "dependencies": {
        "is-stream": {
          "version": "1.1.0",
          "resolved": "https://registry.npmjs.org/is-stream/-/is-stream-1.1.0.tgz",
          "integrity": "sha1-EtSj3U5o4Lec6428hBc66A2RykQ="
        }
      }
    },
    "web-streams-ponyfill": {
      "version": "1.4.2",
      "resolved": "https://registry.npmjs.org/web-streams-ponyfill/-/web-streams-ponyfill-1.4.2.tgz",
      "integrity": "sha512-LCHW+fE2UBJ2vjhqJujqmoxh1ytEDEr0dPO3CabMdMDJPKmsaxzS90V1Ar6LtNE5VHLqxR4YMEj1i4lzMAccIA=="
    },
    "whatwg-fetch": {
      "version": "3.0.0",
      "resolved": "https://registry.npmjs.org/whatwg-fetch/-/whatwg-fetch-3.0.0.tgz",
      "integrity": "sha512-9GSJUgz1D4MfyKU7KRqwOjXCXTqWdFNvEr7eUBYchQiVc744mqK/MzXPNR2WsPkmkOa4ywfg8C2n8h+13Bey1Q=="
    }
  }
}
