{
  "name": "3dhop-react",
  "version": "1.0.0",
  "lockfileVersion": 1,
  "requires": true,
  "dependencies": {
    "@rdfjs/types": {
      "version": "1.1.0",
      "resolved": "https://registry.npmjs.org/@rdfjs/types/-/types-1.1.0.tgz",
      "integrity": "sha512-5zm8bN2/CC634dTcn/0AhTRLaQRjXDZs3QfcAsQKNturHT7XVWcKy/8p3P5gXl+YkZTAmy7T5M/LyiT/jbkENw==",
      "requires": {
        "@types/node": "*"
      }
    },
    "@types/node": {
      "version": "20.1.0",
      "resolved": "https://registry.npmjs.org/@types/node/-/node-20.1.0.tgz",
      "integrity": "sha512-O+z53uwx64xY7D6roOi4+jApDGFg0qn6WHcxe5QeqjMaTezBO/mxdfFXIVAVVyNWKx84OmPB3L8kbVYOTeN34A=="
    },
    "JSONStream": {
      "version": "1.3.5",
      "resolved": "https://registry.npmjs.org/JSONStream/-/JSONStream-1.3.5.tgz",
      "integrity": "sha512-E+iruNOY8VV9s4JEbe1aNEm6MiszPRr/UfcHMz0TQh1BXSxHK+ASV1R6W4HpjBhSeS+54PIsAMCBmwD06LLsqQ==",
      "requires": {
        "jsonparse": "^1.2.0",
        "through": ">=2.2.7 <3"
      }
    },
    "abort-controller": {
      "version": "3.0.0",
      "resolved": "https://registry.npmjs.org/abort-controller/-/abort-controller-3.0.0.tgz",
      "integrity": "sha512-h8lQ8tacZYnR3vNQTgibj+tODHI5/+l06Au2Pcriv/Gmet0eaj4TwWH41sO9wnHDiQsEj19q0drzdWdeAHtweg==",
      "requires": {
        "event-target-shim": "^5.0.0"
      }
    },
    "base64-js": {
      "version": "1.5.1",
      "resolved": "https://registry.npmjs.org/base64-js/-/base64-js-1.5.1.tgz",
      "integrity": "sha512-AKpaYlHn8t4SVbOHCy+b5+KKgvR4vrsD8vbvrbiQJps7fKDTkjkDry6ji0rUJjC0kzbNePLwzxq8iypo41qeWA=="
    },
    "buffer": {
      "version": "6.0.3",
      "resolved": "https://registry.npmjs.org/buffer/-/buffer-6.0.3.tgz",
      "integrity": "sha512-FTiCpNxtwiZZHEZbcbTIcZjERVICn9yq/pDFkTl95/AxzD1naBctN7YO68riM/gLSDY7sdrMby8hofADYuuqOA==",
      "requires": {
        "base64-js": "^1.3.1",
        "ieee754": "^1.2.1"
      }
    },
    "cross-fetch": {
      "version": "3.1.5",
      "resolved": "https://registry.npmjs.org/cross-fetch/-/cross-fetch-3.1.5.tgz",
      "integrity": "sha512-lvb1SBsI0Z7GDwmuid+mU3kWVBwTVUbe7S0H52yaaAdQOXq2YktTCZdlAcNKFzE6QtRz0snpw9bNiPeOIkkQvw==",
      "requires": {
        "node-fetch": "2.6.7"
      }
    },
    "debug": {
      "version": "2.6.9",
      "resolved": "https://registry.npmjs.org/debug/-/debug-2.6.9.tgz",
      "integrity": "sha512-bC7ElrdJaJnPbAP+1EotYvqZsb3ecl5wi6Bfi6BJTUcNowp6cvspg0jXznRTKDjm/E7AdgFBVeAPVMNcKGsHMA==",
      "requires": {
        "ms": "2.0.0"
      }
    },
    "event-target-shim": {
      "version": "5.0.1",
      "resolved": "https://registry.npmjs.org/event-target-shim/-/event-target-shim-5.0.1.tgz",
      "integrity": "sha512-i/2XbnSz/uxRCU6+NdVJgKWDTM427+MqYbkQzD321DuCQJUqOuJKIA0IM2+W2xtYHdKOmZ4dR6fExsd4SXL+WQ=="
    },
    "events": {
      "version": "3.3.0",
      "resolved": "https://registry.npmjs.org/events/-/events-3.3.0.tgz",
      "integrity": "sha512-mQw+2fkQbALzQ7V0MY0IqdnXNOeTtP4r0lN9z7AAawCXgqea7bDii20AYrIBrFd/Hx0M2Ocz6S111CaFkUcb0Q=="
    },
    "fetch-sparql-endpoint": {
      "version": "1.9.0",
      "resolved": "https://registry.npmjs.org/fetch-sparql-endpoint/-/fetch-sparql-endpoint-1.9.0.tgz",
      "integrity": "sha512-iACwPeKhvy5aM2rbzdnKOUWHLM3tW+odZ88pdPG+xCXSTGMtWBI8FP8fqgHcZsxNq9NfRU7+pMsMsU5JCNabCA==",
      "requires": {
        "cross-fetch": "^3.0.6",
        "is-stream": "^2.0.0",
        "minimist": "^1.2.0",
        "n3": "^1.6.3",
        "rdf-string": "^1.5.0",
        "sparqljs": "^3.1.2",
        "sparqljson-parse": "^1.6.0",
        "sparqlxml-parse": "^1.4.0",
        "stream-to-string": "^1.1.0",
        "web-streams-node": "^0.4.0"
      }
    },
    "ieee754": {
      "version": "1.2.1",
      "resolved": "https://registry.npmjs.org/ieee754/-/ieee754-1.2.1.tgz",
      "integrity": "sha512-dcyqhDvX1C46lXZcVqCpK+FtMRQVdIMN6/Df5js2zouUsqG7I6sFxitIC+7KYK29KdXOLHdu9zL4sFnoVQnqaA=="
    },
    "is-stream": {
      "version": "2.0.1",
      "resolved": "https://registry.npmjs.org/is-stream/-/is-stream-2.0.1.tgz",
      "integrity": "sha512-hFoiJiTl63nn+kstHGBtewWSKnQLpyb155KHheA1l39uvtO9nWIop1p3udqPcUd/xbF1VLMO4n7OI6p7RbngDg=="
    },
    "jsonparse": {
      "version": "1.3.1",
      "resolved": "https://registry.npmjs.org/jsonparse/-/jsonparse-1.3.1.tgz",
      "integrity": "sha512-POQXvpdL69+CluYsillJ7SUhKvytYjW9vG/GKpnf+xP8UWgYEM/RaMzHHofbALDiKbbP1W8UEYmgGl39WkPZsg=="
    },
    "minimist": {
      "version": "1.2.8",
      "resolved": "https://registry.npmjs.org/minimist/-/minimist-1.2.8.tgz",
      "integrity": "sha512-2yyAR8qBkN3YuheJanUpWC5U3bb5osDywNB8RzDVlDwDHbocAJveqqj1u8+SVD7jkWT4yvsHCpWqqWqAxb0zCA=="
    },
    "ms": {
      "version": "2.0.0",
      "resolved": "https://registry.npmjs.org/ms/-/ms-2.0.0.tgz",
      "integrity": "sha512-Tpp60P6IUJDTuOq/5Z8cdskzJujfwqfOTkrwIwj7IRISpnkJnT6SyJ4PCPnGMoFjC9ddhal5KVIYtAt97ix05A=="
    },
    "n3": {
      "version": "1.16.4",
      "resolved": "https://registry.npmjs.org/n3/-/n3-1.16.4.tgz",
      "integrity": "sha512-jtC53efM5/q4BYC3qBnegn1MJDKXHH9PEd6gVDNpIicbgXS6gkANz4DdI0jt4aLvza1xSjCcni33riXWvfoEdw==",
      "requires": {
        "queue-microtask": "^1.1.2",
        "readable-stream": "^4.0.0"
      }
    },
    "node-fetch": {
      "version": "2.6.7",
      "resolved": "https://registry.npmjs.org/node-fetch/-/node-fetch-2.6.7.tgz",
      "integrity": "sha512-ZjMPFEfVx5j+y2yF35Kzx5sF7kDzxuDj6ziH4FFbOp87zKDZNx8yExJIb05OGF4Nlt9IHFIMBkRl41VdvcNdbQ==",
      "requires": {
        "whatwg-url": "^5.0.0"
      }
    },
    "process": {
      "version": "0.11.10",
      "resolved": "https://registry.npmjs.org/process/-/process-0.11.10.tgz",
      "integrity": "sha512-cdGef/drWFoydD1JsMzuFf8100nZl+GT+yacc2bEced5f9Rjk4z+WtFUTBu9PhOi9j/jfmBPu0mMEY4wIdAF8A=="
    },
    "promise-polyfill": {
      "version": "1.1.6",
      "resolved": "https://registry.npmjs.org/promise-polyfill/-/promise-polyfill-1.1.6.tgz",
      "integrity": "sha512-7rrONfyLkDEc7OJ5QBkqa4KI4EBhCd340xRuIUPGCfu13znS+vx+VDdrT9ODAJHlXm7w4lbxN3DRjyv58EuzDg=="
    },
    "queue-microtask": {
      "version": "1.2.3",
      "resolved": "https://registry.npmjs.org/queue-microtask/-/queue-microtask-1.2.3.tgz",
      "integrity": "sha512-NuaNSa6flKT5JaSYQzJok04JzTL1CA6aGhv5rfLW3PgqA+M2ChpZQnAC8h8i4ZFkBS8X5RqkDBHA7r4hej3K9A=="
    },
    "rdf-data-factory": {
      "version": "1.1.1",
      "resolved": "https://registry.npmjs.org/rdf-data-factory/-/rdf-data-factory-1.1.1.tgz",
      "integrity": "sha512-0HoLx7lbBlNd2YTmNKin0txgiYmAV56eVU823at8cG2+iD0Ia5kcRNDpzZy6I/HCtFTymHvTfdhHTzm3ak3Jpw==",
      "requires": {
        "@rdfjs/types": "*"
      }
    },
    "rdf-string": {
      "version": "1.6.3",
      "resolved": "https://registry.npmjs.org/rdf-string/-/rdf-string-1.6.3.tgz",
      "integrity": "sha512-HIVwQ2gOqf+ObsCLSUAGFZMIl3rh9uGcRf1KbM85UDhKqP+hy6qj7Vz8FKt3GA54RiThqK3mNcr66dm1LP0+6g==",
      "requires": {
        "@rdfjs/types": "*",
        "rdf-data-factory": "^1.1.0"
      }
    },
    "readable-stream": {
      "version": "4.3.0",
      "resolved": "https://registry.npmjs.org/readable-stream/-/readable-stream-4.3.0.tgz",
      "integrity": "sha512-MuEnA0lbSi7JS8XM+WNJlWZkHAAdm7gETHdFK//Q/mChGyj2akEFtdLZh32jSdkWGbRwCW9pn6g3LWDdDeZnBQ==",
      "requires": {
        "abort-controller": "^3.0.0",
        "buffer": "^6.0.3",
        "events": "^3.3.0",
        "process": "^0.11.10"
      }
    },
    "readable-stream-node-to-web": {
      "version": "1.0.1",
      "resolved": "https://registry.npmjs.org/readable-stream-node-to-web/-/readable-stream-node-to-web-1.0.1.tgz",
      "integrity": "sha512-OGzi2VKLa8H259kAx7BIwuRrXHGcxeHj4RdASSgEGBP9Q2wowdPvBc65upF4Q9O05qWgKqBw1+9PiLTtObl7uQ=="
    },
    "sax": {
      "version": "1.2.4",
      "resolved": "https://registry.npmjs.org/sax/-/sax-1.2.4.tgz",
      "integrity": "sha512-NqVDv9TpANUjFm0N8uM5GxL36UgKi9/atZw+x7YFnQ8ckwFGKrl4xX4yWtrey3UJm5nP1kUbnYgLopqWNSRhWw=="
    },
    "sax-stream": {
      "version": "1.3.0",
      "resolved": "https://registry.npmjs.org/sax-stream/-/sax-stream-1.3.0.tgz",
      "integrity": "sha512-tcfsAAICAkyNNe4uiKtKmLKxx3C7qPAej13UUoN+7OLYq/P5kHGahZtJhhMVM3fIMndA6TlYHWFlFEzFkv1VGg==",
      "requires": {
        "debug": "~2",
        "sax": "~1"
      }
    },
    "sparqljs": {
      "version": "3.6.2",
      "resolved": "https://registry.npmjs.org/sparqljs/-/sparqljs-3.6.2.tgz",
      "integrity": "sha512-KQEJPaOMeeDpdYYuiFb3JEErRLL8XqX4G7sdhZyHC6Qn4+PEMUff/EjUGkwcJ6aCC0JCTIgxDpRdE3+GFXpdxw==",
      "requires": {
        "rdf-data-factory": "^1.1.1"
      }
    },
    "sparqljson-parse": {
      "version": "1.7.0",
      "resolved": "https://registry.npmjs.org/sparqljson-parse/-/sparqljson-parse-1.7.0.tgz",
      "integrity": "sha512-/88g7aK1QZ42YvMx+nStNeZsiVJhmg/OC4RNnQk+ybItvEkQiTOpnYDmST5FnzOIsSmp5RxAZDCIDdMK1h7Ynw==",
      "requires": {
        "@rdfjs/types": "*",
        "@types/node": "^13.1.0",
        "JSONStream": "^1.3.3",
        "rdf-data-factory": "^1.1.0"
      },
      "dependencies": {
        "@types/node": {
          "version": "13.13.52",
          "resolved": "https://registry.npmjs.org/@types/node/-/node-13.13.52.tgz",
          "integrity": "sha512-s3nugnZumCC//n4moGGe6tkNMyYEdaDBitVjwPxXmR5lnMG5dHePinH2EdxkG3Rh1ghFHHixAG4NJhpJW1rthQ=="
        }
      }
    },
    "sparqlxml-parse": {
      "version": "1.5.0",
      "resolved": "https://registry.npmjs.org/sparqlxml-parse/-/sparqlxml-parse-1.5.0.tgz",
      "integrity": "sha512-+0DCekgO3G6ugeVntrZS6+Fj60MsHR0q51WoRAdVzARb5V3jhX3dZJbwSaeydsOsXrtts4XSMc/z+kbqy5/VUQ==",
      "requires": {
        "@rdfjs/types": "*",
        "@types/node": "^13.1.0",
        "rdf-data-factory": "^1.1.0",
        "sax-stream": "^1.2.3"
      },
      "dependencies": {
        "@types/node": {
          "version": "13.13.52",
          "resolved": "https://registry.npmjs.org/@types/node/-/node-13.13.52.tgz",
          "integrity": "sha512-s3nugnZumCC//n4moGGe6tkNMyYEdaDBitVjwPxXmR5lnMG5dHePinH2EdxkG3Rh1ghFHHixAG4NJhpJW1rthQ=="
        }
      }
    },
    "stream-to-string": {
      "version": "1.2.1",
      "resolved": "https://registry.npmjs.org/stream-to-string/-/stream-to-string-1.2.1.tgz",
      "integrity": "sha512-WsvTDNF8UYs369Yko3pcdTducQtYpzEZeOV7cTuReyFvOoA9S/DLJ6sYK+xPafSPHhUMpaxiljKYnT6JSFztIA==",
      "requires": {
        "promise-polyfill": "^1.1.6"
      }
    },
    "through": {
      "version": "2.3.8",
      "resolved": "https://registry.npmjs.org/through/-/through-2.3.8.tgz",
      "integrity": "sha512-w89qg7PI8wAdvX60bMDP+bFoD5Dvhm9oLheFp5O4a2QF0cSBGsBX4qZmadPMvVqlLJBBci+WqGGOAPvcDeNSVg=="
    },
    "tr46": {
      "version": "0.0.3",
      "resolved": "https://registry.npmjs.org/tr46/-/tr46-0.0.3.tgz",
      "integrity": "sha512-N3WMsuqV66lT30CrXNbEjx4GEwlow3v6rr4mCcv6prnfwhS01rkgyFdjPNBYd9br7LpXV1+Emh01fHnq2Gdgrw=="
    },
    "web-streams-node": {
      "version": "0.4.0",
      "resolved": "https://registry.npmjs.org/web-streams-node/-/web-streams-node-0.4.0.tgz",
      "integrity": "sha512-u+PBQs8DFaBrN/bxCLFn21tO/ZP7EM3qA4FGzppoUCcZ5CaMbKOsN8uOp27ylVEsfrxcR2tsF6gWHI5M8bN73w==",
      "requires": {
        "is-stream": "^1.1.0",
        "readable-stream-node-to-web": "^1.0.1",
        "web-streams-ponyfill": "^1.4.1"
      },
      "dependencies": {
        "is-stream": {
          "version": "1.1.0",
          "resolved": "https://registry.npmjs.org/is-stream/-/is-stream-1.1.0.tgz",
          "integrity": "sha512-uQPm8kcs47jx38atAcWTVxyltQYoPT68y9aWYdV6yWXSyW8mzSat0TL6CiWdZeCdF3KrAvpVtnHbTv4RN+rqdQ=="
        }
      }
    },
    "web-streams-ponyfill": {
      "version": "1.4.2",
      "resolved": "https://registry.npmjs.org/web-streams-ponyfill/-/web-streams-ponyfill-1.4.2.tgz",
      "integrity": "sha512-LCHW+fE2UBJ2vjhqJujqmoxh1ytEDEr0dPO3CabMdMDJPKmsaxzS90V1Ar6LtNE5VHLqxR4YMEj1i4lzMAccIA=="
    },
    "webidl-conversions": {
      "version": "3.0.1",
      "resolved": "https://registry.npmjs.org/webidl-conversions/-/webidl-conversions-3.0.1.tgz",
      "integrity": "sha512-2JAn3z8AR6rjK8Sm8orRC0h/bcl/DqL7tRPdGZ4I1CjdF+EaMLmYxBHyXuKL849eucPFhvBoxMsflfOb8kxaeQ=="
    },
    "whatwg-url": {
      "version": "5.0.0",
      "resolved": "https://registry.npmjs.org/whatwg-url/-/whatwg-url-5.0.0.tgz",
      "integrity": "sha512-saE57nupxk6v3HY35+jzBwYa0rKSy0XR8JSxZPwgLr7ys0IBzhGviA1/TUGJLmSVqs8pb9AnvICXEuOHLprYTw==",
      "requires": {
        "tr46": "~0.0.3",
        "webidl-conversions": "^3.0.0"
      }
    }
  }
}
